// !$*UTF8*$!
{
	archiveVersion = 1;
	classes = {
	};
	objectVersion = 55;
	objects = {

/* Begin PBXBuildFile section */
		D8C2207C28BE34530014DD63 /* AppDelegate.swift in Sources */ = {isa = PBXBuildFile; fileRef = D8C2207B28BE34530014DD63 /* AppDelegate.swift */; };
		D8C2207E28BE34530014DD63 /* SceneDelegate.swift in Sources */ = {isa = PBXBuildFile; fileRef = D8C2207D28BE34530014DD63 /* SceneDelegate.swift */; };
		D8C2208028BE34530014DD63 /* ViewController.swift in Sources */ = {isa = PBXBuildFile; fileRef = D8C2207F28BE34530014DD63 /* ViewController.swift */; };
		D8C2208328BE34530014DD63 /* Main.storyboard in Resources */ = {isa = PBXBuildFile; fileRef = D8C2208128BE34530014DD63 /* Main.storyboard */; };
		D8C2208628BE34530014DD63 /* CharacterSelection.xcdatamodeld in Sources */ = {isa = PBXBuildFile; fileRef = D8C2208428BE34530014DD63 /* CharacterSelection.xcdatamodeld */; };
		D8C2208828BE34540014DD63 /* Assets.xcassets in Resources */ = {isa = PBXBuildFile; fileRef = D8C2208728BE34540014DD63 /* Assets.xcassets */; };
		D8C2208B28BE34540014DD63 /* LaunchScreen.storyboard in Resources */ = {isa = PBXBuildFile; fileRef = D8C2208928BE34540014DD63 /* LaunchScreen.storyboard */; };
		D8C2209628BE34550014DD63 /* CharacterSelectionTests.swift in Sources */ = {isa = PBXBuildFile; fileRef = D8C2209528BE34550014DD63 /* CharacterSelectionTests.swift */; };
		D8C220A028BE34550014DD63 /* CharacterSelectionUITests.swift in Sources */ = {isa = PBXBuildFile; fileRef = D8C2209F28BE34550014DD63 /* CharacterSelectionUITests.swift */; };
		D8C220A228BE34550014DD63 /* CharacterSelectionUITestsLaunchTests.swift in Sources */ = {isa = PBXBuildFile; fileRef = D8C220A128BE34550014DD63 /* CharacterSelectionUITestsLaunchTests.swift */; };
/* End PBXBuildFile section */

/* Begin PBXContainerItemProxy section */
		D8C2209228BE34540014DD63 /* PBXContainerItemProxy */ = {
			isa = PBXContainerItemProxy;
			containerPortal = D8C2207028BE34530014DD63 /* Project object */;
			proxyType = 1;
			remoteGlobalIDString = D8C2207728BE34530014DD63;
			remoteInfo = CharacterSelection;
		};
		D8C2209C28BE34550014DD63 /* PBXContainerItemProxy */ = {
			isa = PBXContainerItemProxy;
			containerPortal = D8C2207028BE34530014DD63 /* Project object */;
			proxyType = 1;
			remoteGlobalIDString = D8C2207728BE34530014DD63;
			remoteInfo = CharacterSelection;
		};
/* End PBXContainerItemProxy section */

/* Begin PBXFileReference section */
		D8C2207828BE34530014DD63 /* CharacterSelection.app */ = {isa = PBXFileReference; explicitFileType = wrapper.application; includeInIndex = 0; path = CharacterSelection.app; sourceTree = BUILT_PRODUCTS_DIR; };
		D8C2207B28BE34530014DD63 /* AppDelegate.swift */ = {isa = PBXFileReference; lastKnownFileType = sourcecode.swift; path = AppDelegate.swift; sourceTree = "<group>"; };
		D8C2207D28BE34530014DD63 /* SceneDelegate.swift */ = {isa = PBXFileReference; lastKnownFileType = sourcecode.swift; path = SceneDelegate.swift; sourceTree = "<group>"; };
		D8C2207F28BE34530014DD63 /* ViewController.swift */ = {isa = PBXFileReference; lastKnownFileType = sourcecode.swift; path = ViewController.swift; sourceTree = "<group>"; };
		D8C2208228BE34530014DD63 /* Base */ = {isa = PBXFileReference; lastKnownFileType = file.storyboard; name = Base; path = Base.lproj/Main.storyboard; sourceTree = "<group>"; };
		D8C2208528BE34530014DD63 /* CharacterSelection.xcdatamodel */ = {isa = PBXFileReference; lastKnownFileType = wrapper.xcdatamodel; path = CharacterSelection.xcdatamodel; sourceTree = "<group>"; };
		D8C2208728BE34540014DD63 /* Assets.xcassets */ = {isa = PBXFileReference; lastKnownFileType = folder.assetcatalog; path = Assets.xcassets; sourceTree = "<group>"; };
		D8C2208A28BE34540014DD63 /* Base */ = {isa = PBXFileReference; lastKnownFileType = file.storyboard; name = Base; path = Base.lproj/LaunchScreen.storyboard; sourceTree = "<group>"; };
		D8C2208C28BE34540014DD63 /* Info.plist */ = {isa = PBXFileReference; lastKnownFileType = text.plist.xml; path = Info.plist; sourceTree = "<group>"; };
		D8C2209128BE34540014DD63 /* CharacterSelectionTests.xctest */ = {isa = PBXFileReference; explicitFileType = wrapper.cfbundle; includeInIndex = 0; path = CharacterSelectionTests.xctest; sourceTree = BUILT_PRODUCTS_DIR; };
		D8C2209528BE34550014DD63 /* CharacterSelectionTests.swift */ = {isa = PBXFileReference; lastKnownFileType = sourcecode.swift; path = CharacterSelectionTests.swift; sourceTree = "<group>"; };
		D8C2209B28BE34550014DD63 /* CharacterSelectionUITests.xctest */ = {isa = PBXFileReference; explicitFileType = wrapper.cfbundle; includeInIndex = 0; path = CharacterSelectionUITests.xctest; sourceTree = BUILT_PRODUCTS_DIR; };
		D8C2209F28BE34550014DD63 /* CharacterSelectionUITests.swift */ = {isa = PBXFileReference; lastKnownFileType = sourcecode.swift; path = CharacterSelectionUITests.swift; sourceTree = "<group>"; };
		D8C220A128BE34550014DD63 /* CharacterSelectionUITestsLaunchTests.swift */ = {isa = PBXFileReference; lastKnownFileType = sourcecode.swift; path = CharacterSelectionUITestsLaunchTests.swift; sourceTree = "<group>"; };
/* End PBXFileReference section */

/* Begin PBXFrameworksBuildPhase section */
		D8C2207528BE34530014DD63 /* Frameworks */ = {
			isa = PBXFrameworksBuildPhase;
			buildActionMask = 2147483647;
			files = (
			);
			runOnlyForDeploymentPostprocessing = 0;
		};
		D8C2208E28BE34540014DD63 /* Frameworks */ = {
			isa = PBXFrameworksBuildPhase;
			buildActionMask = 2147483647;
			files = (
			);
			runOnlyForDeploymentPostprocessing = 0;
		};
		D8C2209828BE34550014DD63 /* Frameworks */ = {
			isa = PBXFrameworksBuildPhase;
			buildActionMask = 2147483647;
			files = (
			);
			runOnlyForDeploymentPostprocessing = 0;
		};
/* End PBXFrameworksBuildPhase section */

/* Begin PBXGroup section */
		D8C2206F28BE34530014DD63 = {
			isa = PBXGroup;
			children = (
				D8C2207A28BE34530014DD63 /* CharacterSelection */,
				D8C2209428BE34550014DD63 /* CharacterSelectionTests */,
				D8C2209E28BE34550014DD63 /* CharacterSelectionUITests */,
				D8C2207928BE34530014DD63 /* Products */,
			);
			sourceTree = "<group>";
		};
		D8C2207928BE34530014DD63 /* Products */ = {
			isa = PBXGroup;
			children = (
				D8C2207828BE34530014DD63 /* CharacterSelection.app */,
				D8C2209128BE34540014DD63 /* CharacterSelectionTests.xctest */,
				D8C2209B28BE34550014DD63 /* CharacterSelectionUITests.xctest */,
			);
			name = Products;
			sourceTree = "<group>";
		};
		D8C2207A28BE34530014DD63 /* CharacterSelection */ = {
			isa = PBXGroup;
			children = (
				D8C2207B28BE34530014DD63 /* AppDelegate.swift */,
				D8C2207D28BE34530014DD63 /* SceneDelegate.swift */,
				D8C2207F28BE34530014DD63 /* ViewController.swift */,
				D8C2208128BE34530014DD63 /* Main.storyboard */,
				D8C2208728BE34540014DD63 /* Assets.xcassets */,
				D8C2208928BE34540014DD63 /* LaunchScreen.storyboard */,
				D8C2208C28BE34540014DD63 /* Info.plist */,
				D8C2208428BE34530014DD63 /* CharacterSelection.xcdatamodeld */,
			);
			path = CharacterSelection;
			sourceTree = "<group>";
		};
		D8C2209428BE34550014DD63 /* CharacterSelectionTests */ = {
			isa = PBXGroup;
			children = (
				D8C2209528BE34550014DD63 /* CharacterSelectionTests.swift */,
			);
			path = CharacterSelectionTests;
			sourceTree = "<group>";
		};
		D8C2209E28BE34550014DD63 /* CharacterSelectionUITests */ = {
			isa = PBXGroup;
			children = (
				D8C2209F28BE34550014DD63 /* CharacterSelectionUITests.swift */,
				D8C220A128BE34550014DD63 /* CharacterSelectionUITestsLaunchTests.swift */,
			);
			path = CharacterSelectionUITests;
			sourceTree = "<group>";
		};
/* End PBXGroup section */

/* Begin PBXNativeTarget section */
		D8C2207728BE34530014DD63 /* CharacterSelection */ = {
			isa = PBXNativeTarget;
			buildConfigurationList = D8C220A528BE34550014DD63 /* Build configuration list for PBXNativeTarget "CharacterSelection" */;
			buildPhases = (
				D8C2207428BE34530014DD63 /* Sources */,
				D8C2207528BE34530014DD63 /* Frameworks */,
				D8C2207628BE34530014DD63 /* Resources */,
			);
			buildRules = (
			);
			dependencies = (
			);
			name = CharacterSelection;
			productName = CharacterSelection;
			productReference = D8C2207828BE34530014DD63 /* CharacterSelection.app */;
			productType = "com.apple.product-type.application";
		};
		D8C2209028BE34540014DD63 /* CharacterSelectionTests */ = {
			isa = PBXNativeTarget;
			buildConfigurationList = D8C220A828BE34550014DD63 /* Build configuration list for PBXNativeTarget "CharacterSelectionTests" */;
			buildPhases = (
				D8C2208D28BE34540014DD63 /* Sources */,
				D8C2208E28BE34540014DD63 /* Frameworks */,
				D8C2208F28BE34540014DD63 /* Resources */,
			);
			buildRules = (
			);
			dependencies = (
				D8C2209328BE34540014DD63 /* PBXTargetDependency */,
			);
			name = CharacterSelectionTests;
			productName = CharacterSelectionTests;
			productReference = D8C2209128BE34540014DD63 /* CharacterSelectionTests.xctest */;
			productType = "com.apple.product-type.bundle.unit-test";
		};
		D8C2209A28BE34550014DD63 /* CharacterSelectionUITests */ = {
			isa = PBXNativeTarget;
			buildConfigurationList = D8C220AB28BE34550014DD63 /* Build configuration list for PBXNativeTarget "CharacterSelectionUITests" */;
			buildPhases = (
				D8C2209728BE34550014DD63 /* Sources */,
				D8C2209828BE34550014DD63 /* Frameworks */,
				D8C2209928BE34550014DD63 /* Resources */,
			);
			buildRules = (
			);
			dependencies = (
				D8C2209D28BE34550014DD63 /* PBXTargetDependency */,
			);
			name = CharacterSelectionUITests;
			productName = CharacterSelectionUITests;
			productReference = D8C2209B28BE34550014DD63 /* CharacterSelectionUITests.xctest */;
			productType = "com.apple.product-type.bundle.ui-testing";
		};
/* End PBXNativeTarget section */

/* Begin PBXProject section */
		D8C2207028BE34530014DD63 /* Project object */ = {
			isa = PBXProject;
			attributes = {
				BuildIndependentTargetsInParallel = 1;
				LastSwiftUpdateCheck = 1340;
				LastUpgradeCheck = 1340;
				TargetAttributes = {
					D8C2207728BE34530014DD63 = {
						CreatedOnToolsVersion = 13.4.1;
					};
					D8C2209028BE34540014DD63 = {
						CreatedOnToolsVersion = 13.4.1;
						TestTargetID = D8C2207728BE34530014DD63;
					};
					D8C2209A28BE34550014DD63 = {
						CreatedOnToolsVersion = 13.4.1;
						TestTargetID = D8C2207728BE34530014DD63;
					};
				};
			};
			buildConfigurationList = D8C2207328BE34530014DD63 /* Build configuration list for PBXProject "CharacterSelection" */;
			compatibilityVersion = "Xcode 13.0";
			developmentRegion = en;
			hasScannedForEncodings = 0;
			knownRegions = (
				en,
				Base,
			);
			mainGroup = D8C2206F28BE34530014DD63;
			productRefGroup = D8C2207928BE34530014DD63 /* Products */;
			projectDirPath = "";
			projectRoot = "";
			targets = (
				D8C2207728BE34530014DD63 /* CharacterSelection */,
				D8C2209028BE34540014DD63 /* CharacterSelectionTests */,
				D8C2209A28BE34550014DD63 /* CharacterSelectionUITests */,
			);
		};
/* End PBXProject section */

/* Begin PBXResourcesBuildPhase section */
		D8C2207628BE34530014DD63 /* Resources */ = {
			isa = PBXResourcesBuildPhase;
			buildActionMask = 2147483647;
			files = (
				D8C2208B28BE34540014DD63 /* LaunchScreen.storyboard in Resources */,
				D8C2208828BE34540014DD63 /* Assets.xcassets in Resources */,
				D8C2208328BE34530014DD63 /* Main.storyboard in Resources */,
			);
			runOnlyForDeploymentPostprocessing = 0;
		};
		D8C2208F28BE34540014DD63 /* Resources */ = {
			isa = PBXResourcesBuildPhase;
			buildActionMask = 2147483647;
			files = (
			);
			runOnlyForDeploymentPostprocessing = 0;
		};
		D8C2209928BE34550014DD63 /* Resources */ = {
			isa = PBXResourcesBuildPhase;
			buildActionMask = 2147483647;
			files = (
			);
			runOnlyForDeploymentPostprocessing = 0;
		};
/* End PBXResourcesBuildPhase section */

/* Begin PBXSourcesBuildPhase section */
		D8C2207428BE34530014DD63 /* Sources */ = {
			isa = PBXSourcesBuildPhase;
			buildActionMask = 2147483647;
			files = (
				D8C2208028BE34530014DD63 /* ViewController.swift in Sources */,
				D8C2207C28BE34530014DD63 /* AppDelegate.swift in Sources */,
				D8C2208628BE34530014DD63 /* CharacterSelection.xcdatamodeld in Sources */,
				D8C2207E28BE34530014DD63 /* SceneDelegate.swift in Sources */,
			);
			runOnlyForDeploymentPostprocessing = 0;
		};
		D8C2208D28BE34540014DD63 /* Sources */ = {
			isa = PBXSourcesBuildPhase;
			buildActionMask = 2147483647;
			files = (
				D8C2209628BE34550014DD63 /* CharacterSelectionTests.swift in Sources */,
			);
			runOnlyForDeploymentPostprocessing = 0;
		};
		D8C2209728BE34550014DD63 /* Sources */ = {
			isa = PBXSourcesBuildPhase;
			buildActionMask = 2147483647;
			files = (
				D8C220A028BE34550014DD63 /* CharacterSelectionUITests.swift in Sources */,
				D8C220A228BE34550014DD63 /* CharacterSelectionUITestsLaunchTests.swift in Sources */,
			);
			runOnlyForDeploymentPostprocessing = 0;
		};
/* End PBXSourcesBuildPhase section */

/* Begin PBXTargetDependency section */
		D8C2209328BE34540014DD63 /* PBXTargetDependency */ = {
			isa = PBXTargetDependency;
			target = D8C2207728BE34530014DD63 /* CharacterSelection */;
			targetProxy = D8C2209228BE34540014DD63 /* PBXContainerItemProxy */;
		};
		D8C2209D28BE34550014DD63 /* PBXTargetDependency */ = {
			isa = PBXTargetDependency;
			target = D8C2207728BE34530014DD63 /* CharacterSelection */;
			targetProxy = D8C2209C28BE34550014DD63 /* PBXContainerItemProxy */;
		};
/* End PBXTargetDependency section */

/* Begin PBXVariantGroup section */
		D8C2208128BE34530014DD63 /* Main.storyboard */ = {
			isa = PBXVariantGroup;
			children = (
				D8C2208228BE34530014DD63 /* Base */,
			);
			name = Main.storyboard;
			sourceTree = "<group>";
		};
		D8C2208928BE34540014DD63 /* LaunchScreen.storyboard */ = {
			isa = PBXVariantGroup;
			children = (
				D8C2208A28BE34540014DD63 /* Base */,
			);
			name = LaunchScreen.storyboard;
			sourceTree = "<group>";
		};
/* End PBXVariantGroup section */

/* Begin XCBuildConfiguration section */
		D8C220A328BE34550014DD63 /* Debug */ = {
			isa = XCBuildConfiguration;
			buildSettings = {
				ALWAYS_SEARCH_USER_PATHS = NO;
				CLANG_ANALYZER_NONNULL = YES;
				CLANG_ANALYZER_NUMBER_OBJECT_CONVERSION = YES_AGGRESSIVE;
				CLANG_CXX_LANGUAGE_STANDARD = "gnu++17";
				CLANG_ENABLE_MODULES = YES;
				CLANG_ENABLE_OBJC_ARC = YES;
				CLANG_ENABLE_OBJC_WEAK = YES;
				CLANG_WARN_BLOCK_CAPTURE_AUTORELEASING = YES;
				CLANG_WARN_BOOL_CONVERSION = YES;
				CLANG_WARN_COMMA = YES;
				CLANG_WARN_CONSTANT_CONVERSION = YES;
				CLANG_WARN_DEPRECATED_OBJC_IMPLEMENTATIONS = YES;
				CLANG_WARN_DIRECT_OBJC_ISA_USAGE = YES_ERROR;
				CLANG_WARN_DOCUMENTATION_COMMENTS = YES;
				CLANG_WARN_EMPTY_BODY = YES;
				CLANG_WARN_ENUM_CONVERSION = YES;
				CLANG_WARN_INFINITE_RECURSION = YES;
				CLANG_WARN_INT_CONVERSION = YES;
				CLANG_WARN_NON_LITERAL_NULL_CONVERSION = YES;
				CLANG_WARN_OBJC_IMPLICIT_RETAIN_SELF = YES;
				CLANG_WARN_OBJC_LITERAL_CONVERSION = YES;
				CLANG_WARN_OBJC_ROOT_CLASS = YES_ERROR;
				CLANG_WARN_QUOTED_INCLUDE_IN_FRAMEWORK_HEADER = YES;
				CLANG_WARN_RANGE_LOOP_ANALYSIS = YES;
				CLANG_WARN_STRICT_PROTOTYPES = YES;
				CLANG_WARN_SUSPICIOUS_MOVE = YES;
				CLANG_WARN_UNGUARDED_AVAILABILITY = YES_AGGRESSIVE;
				CLANG_WARN_UNREACHABLE_CODE = YES;
				CLANG_WARN__DUPLICATE_METHOD_MATCH = YES;
				COPY_PHASE_STRIP = NO;
				DEBUG_INFORMATION_FORMAT = dwarf;
				ENABLE_STRICT_OBJC_MSGSEND = YES;
				ENABLE_TESTABILITY = YES;
				GCC_C_LANGUAGE_STANDARD = gnu11;
				GCC_DYNAMIC_NO_PIC = NO;
				GCC_NO_COMMON_BLOCKS = YES;
				GCC_OPTIMIZATION_LEVEL = 0;
				GCC_PREPROCESSOR_DEFINITIONS = (
					"DEBUG=1",
					"$(inherited)",
				);
				GCC_WARN_64_TO_32_BIT_CONVERSION = YES;
				GCC_WARN_ABOUT_RETURN_TYPE = YES_ERROR;
				GCC_WARN_UNDECLARED_SELECTOR = YES;
				GCC_WARN_UNINITIALIZED_AUTOS = YES_AGGRESSIVE;
				GCC_WARN_UNUSED_FUNCTION = YES;
				GCC_WARN_UNUSED_VARIABLE = YES;
				IPHONEOS_DEPLOYMENT_TARGET = 15.5;
				MTL_ENABLE_DEBUG_INFO = INCLUDE_SOURCE;
				MTL_FAST_MATH = YES;
				ONLY_ACTIVE_ARCH = YES;
				SDKROOT = iphoneos;
				SWIFT_ACTIVE_COMPILATION_CONDITIONS = DEBUG;
				SWIFT_OPTIMIZATION_LEVEL = "-Onone";
			};
			name = Debug;
		};
		D8C220A428BE34550014DD63 /* Release */ = {
			isa = XCBuildConfiguration;
			buildSettings = {
				ALWAYS_SEARCH_USER_PATHS = NO;
				CLANG_ANALYZER_NONNULL = YES;
				CLANG_ANALYZER_NUMBER_OBJECT_CONVERSION = YES_AGGRESSIVE;
				CLANG_CXX_LANGUAGE_STANDARD = "gnu++17";
				CLANG_ENABLE_MODULES = YES;
				CLANG_ENABLE_OBJC_ARC = YES;
				CLANG_ENABLE_OBJC_WEAK = YES;
				CLANG_WARN_BLOCK_CAPTURE_AUTORELEASING = YES;
				CLANG_WARN_BOOL_CONVERSION = YES;
				CLANG_WARN_COMMA = YES;
				CLANG_WARN_CONSTANT_CONVERSION = YES;
				CLANG_WARN_DEPRECATED_OBJC_IMPLEMENTATIONS = YES;
				CLANG_WARN_DIRECT_OBJC_ISA_USAGE = YES_ERROR;
				CLANG_WARN_DOCUMENTATION_COMMENTS = YES;
				CLANG_WARN_EMPTY_BODY = YES;
				CLANG_WARN_ENUM_CONVERSION = YES;
				CLANG_WARN_INFINITE_RECURSION = YES;
				CLANG_WARN_INT_CONVERSION = YES;
				CLANG_WARN_NON_LITERAL_NULL_CONVERSION = YES;
				CLANG_WARN_OBJC_IMPLICIT_RETAIN_SELF = YES;
				CLANG_WARN_OBJC_LITERAL_CONVERSION = YES;
				CLANG_WARN_OBJC_ROOT_CLASS = YES_ERROR;
				CLANG_WARN_QUOTED_INCLUDE_IN_FRAMEWORK_HEADER = YES;
				CLANG_WARN_RANGE_LOOP_ANALYSIS = YES;
				CLANG_WARN_STRICT_PROTOTYPES = YES;
				CLANG_WARN_SUSPICIOUS_MOVE = YES;
				CLANG_WARN_UNGUARDED_AVAILABILITY = YES_AGGRESSIVE;
				CLANG_WARN_UNREACHABLE_CODE = YES;
				CLANG_WARN__DUPLICATE_METHOD_MATCH = YES;
				COPY_PHASE_STRIP = NO;
				DEBUG_INFORMATION_FORMAT = "dwarf-with-dsym";
				ENABLE_NS_ASSERTIONS = NO;
				ENABLE_STRICT_OBJC_MSGSEND = YES;
				GCC_C_LANGUAGE_STANDARD = gnu11;
				GCC_NO_COMMON_BLOCKS = YES;
				GCC_WARN_64_TO_32_BIT_CONVERSION = YES;
				GCC_WARN_ABOUT_RETURN_TYPE = YES_ERROR;
				GCC_WARN_UNDECLARED_SELECTOR = YES;
				GCC_WARN_UNINITIALIZED_AUTOS = YES_AGGRESSIVE;
				GCC_WARN_UNUSED_FUNCTION = YES;
				GCC_WARN_UNUSED_VARIABLE = YES;
				IPHONEOS_DEPLOYMENT_TARGET = 15.5;
				MTL_ENABLE_DEBUG_INFO = NO;
				MTL_FAST_MATH = YES;
				SDKROOT = iphoneos;
				SWIFT_COMPILATION_MODE = wholemodule;
				SWIFT_OPTIMIZATION_LEVEL = "-O";
				VALIDATE_PRODUCT = YES;
			};
			name = Release;
		};
		D8C220A628BE34550014DD63 /* Debug */ = {
			isa = XCBuildConfiguration;
			buildSettings = {
				ASSETCATALOG_COMPILER_APPICON_NAME = AppIcon;
				ASSETCATALOG_COMPILER_GLOBAL_ACCENT_COLOR_NAME = AccentColor;
				CODE_SIGN_STYLE = Automatic;
				CURRENT_PROJECT_VERSION = 1;
				DEVELOPMENT_TEAM = V7WH4PG3BA;
				GENERATE_INFOPLIST_FILE = YES;
				INFOPLIST_FILE = CharacterSelection/Info.plist;
				INFOPLIST_KEY_UIApplicationSupportsIndirectInputEvents = YES;
				INFOPLIST_KEY_UILaunchStoryboardName = LaunchScreen;
				INFOPLIST_KEY_UIMainStoryboardFile = Main;
				INFOPLIST_KEY_UISupportedInterfaceOrientations_iPad = "UIInterfaceOrientationPortrait UIInterfaceOrientationPortraitUpsideDown UIInterfaceOrientationLandscapeLeft UIInterfaceOrientationLandscapeRight";
				INFOPLIST_KEY_UISupportedInterfaceOrientations_iPhone = "UIInterfaceOrientationPortrait UIInterfaceOrientationLandscapeLeft UIInterfaceOrientationLandscapeRight";
				LD_RUNPATH_SEARCH_PATHS = (
					"$(inherited)",
					"@executable_path/Frameworks",
				);
				MARKETING_VERSION = 1.0;
				PRODUCT_BUNDLE_IDENTIFIER = CLC.CharacterSelection;
				PRODUCT_NAME = "$(TARGET_NAME)";
				SWIFT_EMIT_LOC_STRINGS = YES;
				SWIFT_VERSION = 5.0;
				TARGETED_DEVICE_FAMILY = "1,2";
			};
			name = Debug;
		};
		D8C220A728BE34550014DD63 /* Release */ = {
			isa = XCBuildConfiguration;
			buildSettings = {
				ASSETCATALOG_COMPILER_APPICON_NAME = AppIcon;
				ASSETCATALOG_COMPILER_GLOBAL_ACCENT_COLOR_NAME = AccentColor;
				CODE_SIGN_STYLE = Automatic;
				CURRENT_PROJECT_VERSION = 1;
				DEVELOPMENT_TEAM = V7WH4PG3BA;
				GENERATE_INFOPLIST_FILE = YES;
				INFOPLIST_FILE = CharacterSelection/Info.plist;
				INFOPLIST_KEY_UIApplicationSupportsIndirectInputEvents = YES;
				INFOPLIST_KEY_UILaunchStoryboardName = LaunchScreen;
				INFOPLIST_KEY_UIMainStoryboardFile = Main;
				INFOPLIST_KEY_UISupportedInterfaceOrientations_iPad = "UIInterfaceOrientationPortrait UIInterfaceOrientationPortraitUpsideDown UIInterfaceOrientationLandscapeLeft UIInterfaceOrientationLandscapeRight";
				INFOPLIST_KEY_UISupportedInterfaceOrientations_iPhone = "UIInterfaceOrientationPortrait UIInterfaceOrientationLandscapeLeft UIInterfaceOrientationLandscapeRight";
				LD_RUNPATH_SEARCH_PATHS = (
					"$(inherited)",
					"@executable_path/Frameworks",
				);
				MARKETING_VERSION = 1.0;
				PRODUCT_BUNDLE_IDENTIFIER = CLC.CharacterSelection;
				PRODUCT_NAME = "$(TARGET_NAME)";
				SWIFT_EMIT_LOC_STRINGS = YES;
				SWIFT_VERSION = 5.0;
				TARGETED_DEVICE_FAMILY = "1,2";
			};
			name = Release;
		};
		D8C220A928BE34550014DD63 /* Debug */ = {
			isa = XCBuildConfiguration;
			buildSettings = {
				ALWAYS_EMBED_SWIFT_STANDARD_LIBRARIES = YES;
				BUNDLE_LOADER = "$(TEST_HOST)";
				CODE_SIGN_STYLE = Automatic;
				CURRENT_PROJECT_VERSION = 1;
				GENERATE_INFOPLIST_FILE = YES;
				IPHONEOS_DEPLOYMENT_TARGET = 15.5;
				MARKETING_VERSION = 1.0;
				PRODUCT_BUNDLE_IDENTIFIER = CLC.CharacterSelectionTests;
				PRODUCT_NAME = "$(TARGET_NAME)";
				SWIFT_EMIT_LOC_STRINGS = NO;
				SWIFT_VERSION = 5.0;
				TARGETED_DEVICE_FAMILY = "1,2";
				TEST_HOST = "$(BUILT_PRODUCTS_DIR)/CharacterSelection.app/CharacterSelection";
			};
			name = Debug;
		};
		D8C220AA28BE34550014DD63 /* Release */ = {
			isa = XCBuildConfiguration;
			buildSettings = {
				ALWAYS_EMBED_SWIFT_STANDARD_LIBRARIES = YES;
				BUNDLE_LOADER = "$(TEST_HOST)";
				CODE_SIGN_STYLE = Automatic;
				CURRENT_PROJECT_VERSION = 1;
				GENERATE_INFOPLIST_FILE = YES;
				IPHONEOS_DEPLOYMENT_TARGET = 15.5;
				MARKETING_VERSION = 1.0;
				PRODUCT_BUNDLE_IDENTIFIER = CLC.CharacterSelectionTests;
				PRODUCT_NAME = "$(TARGET_NAME)";
				SWIFT_EMIT_LOC_STRINGS = NO;
				SWIFT_VERSION = 5.0;
				TARGETED_DEVICE_FAMILY = "1,2";
				TEST_HOST = "$(BUILT_PRODUCTS_DIR)/CharacterSelection.app/CharacterSelection";
			};
			name = Release;
		};
		D8C220AC28BE34550014DD63 /* Debug */ = {
			isa = XCBuildConfiguration;
			buildSettings = {
				ALWAYS_EMBED_SWIFT_STANDARD_LIBRARIES = YES;
				CODE_SIGN_STYLE = Automatic;
				CURRENT_PROJECT_VERSION = 1;
				GENERATE_INFOPLIST_FILE = YES;
				MARKETING_VERSION = 1.0;
				PRODUCT_BUNDLE_IDENTIFIER = CLC.CharacterSelectionUITests;
				PRODUCT_NAME = "$(TARGET_NAME)";
				SWIFT_EMIT_LOC_STRINGS = NO;
				SWIFT_VERSION = 5.0;
				TARGETED_DEVICE_FAMILY = "1,2";
				TEST_TARGET_NAME = CharacterSelection;
			};
			name = Debug;
		};
		D8C220AD28BE34550014DD63 /* Release */ = {
			isa = XCBuildConfiguration;
			buildSettings = {
				ALWAYS_EMBED_SWIFT_STANDARD_LIBRARIES = YES;
				CODE_SIGN_STYLE = Automatic;
				CURRENT_PROJECT_VERSION = 1;
				GENERATE_INFOPLIST_FILE = YES;
				MARKETING_VERSION = 1.0;
				PRODUCT_BUNDLE_IDENTIFIER = CLC.CharacterSelectionUITests;
				PRODUCT_NAME = "$(TARGET_NAME)";
				SWIFT_EMIT_LOC_STRINGS = NO;
				SWIFT_VERSION = 5.0;
				TARGETED_DEVICE_FAMILY = "1,2";
				TEST_TARGET_NAME = CharacterSelection;
			};
			name = Release;
		};
/* End XCBuildConfiguration section */

/* Begin XCConfigurationList section */
		D8C2207328BE34530014DD63 /* Build configuration list for PBXProject "CharacterSelection" */ = {
			isa = XCConfigurationList;
			buildConfigurations = (
				D8C220A328BE34550014DD63 /* Debug */,
				D8C220A428BE34550014DD63 /* Release */,
			);
			defaultConfigurationIsVisible = 0;
			defaultConfigurationName = Release;
		};
		D8C220A528BE34550014DD63 /* Build configuration list for PBXNativeTarget "CharacterSelection" */ = {
			isa = XCConfigurationList;
			buildConfigurations = (
				D8C220A628BE34550014DD63 /* Debug */,
				D8C220A728BE34550014DD63 /* Release */,
			);
			defaultConfigurationIsVisible = 0;
			defaultConfigurationName = Release;
		};
		D8C220A828BE34550014DD63 /* Build configuration list for PBXNativeTarget "CharacterSelectionTests" */ = {
			isa = XCConfigurationList;
			buildConfigurations = (
				D8C220A928BE34550014DD63 /* Debug */,
				D8C220AA28BE34550014DD63 /* Release */,
			);
			defaultConfigurationIsVisible = 0;
			defaultConfigurationName = Release;
		};
		D8C220AB28BE34550014DD63 /* Build configuration list for PBXNativeTarget "CharacterSelectionUITests" */ = {
			isa = XCConfigurationList;
			buildConfigurations = (
				D8C220AC28BE34550014DD63 /* Debug */,
				D8C220AD28BE34550014DD63 /* Release */,
			);
			defaultConfigurationIsVisible = 0;
			defaultConfigurationName = Release;
		};
/* End XCConfigurationList section */

/* Begin XCVersionGroup section */
		D8C2208428BE34530014DD63 /* CharacterSelection.xcdatamodeld */ = {
			isa = XCVersionGroup;
			children = (
				D8C2208528BE34530014DD63 /* CharacterSelection.xcdatamodel */,
			);
			currentVersion = D8C2208528BE34530014DD63 /* CharacterSelection.xcdatamodel */;
			path = CharacterSelection.xcdatamodeld;
			sourceTree = "<group>";
			versionGroupType = wrapper.xcdatamodel;
		};
/* End XCVersionGroup section */
	};
	rootObject = D8C2207028BE34530014DD63 /* Project object */;
}
